
Microsoft Visual Studio Solution File, Format Version 12.00
# Visual Studio Version 17
VisualStudioVersion = 17.14.36705.20 d17.14
MinimumVisualStudioVersion = 10.0.40219.1
Project("{FAE04EC0-301F-11D3-BF4B-00C04F79EFBC}") = "QRCodeGenerator", "QRCodeGenerator.csproj", "{9F8F8F67-ABE8-4D59-A921-A72855D24FB0}"
EndProject
Global
	GlobalSection(SolutionConfigurationPlatforms) = preSolution
		Debug|Any CPU = Debug|Any CPU
		Release|Any CPU = Release|Any CPU
	EndGlobalSection
	GlobalSection(ProjectConfigurationPlatforms) = postSolution
		{9F8F8F67-ABE8-4D59-A921-A72855D24FB0}.Debug|Any CPU.ActiveCfg = Debug|Any CPU
		{9F8F8F67-ABE8-4D59-A921-A72855D24FB0}.Debug|Any CPU.Build.0 = Debug|Any CPU
		{9F8F8F67-ABE8-4D59-A921-A72855D24FB0}.Release|Any CPU.ActiveCfg = Release|Any CPU
		{9F8F8F67-ABE8-4D59-A921-A72855D24FB0}.Release|Any CPU.Build.0 = Release|Any CPU
	EndGlobalSection
	GlobalSection(SolutionProperties) = preSolution
		HideSolutionNode = FALSE
	EndGlobalSection
	GlobalSection(ExtensibilityGlobals) = postSolution
		SolutionGuid = {4CBB677D-E637-41B8-ABCE-C922694ED5E8}
	EndGlobalSection
EndGlobal
