
Microsoft Visual Studio Solution File, Format Version 12.00
# Visual Studio Version 17
VisualStudioVersion = 17.14.36705.20
MinimumVisualStudioVersion = 10.0.40219.1
Project("{FAE04EC0-301F-11D3-BF4B-00C04F79EFBC}") = "QRCodeGenerator.Api", "QRCodeGenerator.Api.csproj", "{9F8F8F67-ABE8-4D59-A921-A72855D24FB0}"
EndProject
Project("{FAE04EC0-301F-11D3-BF4B-00C04F79EFBC}") = "QRCodeGenerator.Application", "..\QRCodeGenerator.Application\QRCodeGenerator.Application.csproj", "{3C8CDB2B-C4EF-4B40-928B-2DE97436D5CE}"
EndProject
Project("{FAE04EC0-301F-11D3-BF4B-00C04F79EFBC}") = "QRCodeGenerator.Domain", "..\QRCodeGenerator.Domain\QRCodeGenerator.Domain.csproj", "{1AC5A18A-8003-4245-BBC3-39BC9F9AF3A2}"
EndProject
Project("{FAE04EC0-301F-11D3-BF4B-00C04F79EFBC}") = "QRCodeGenerator.Tests", "..\QRCodeGenerator.Tests\QRCodeGenerator.Tests.csproj", "{E2A09615-F534-47C8-93F0-E0EC7E82315E}"
EndProject
Global
	GlobalSection(SolutionConfigurationPlatforms) = preSolution
		Debug|Any CPU = Debug|Any CPU
		Release|Any CPU = Release|Any CPU
	EndGlobalSection
	GlobalSection(ProjectConfigurationPlatforms) = postSolution
		{9F8F8F67-ABE8-4D59-A921-A72855D24FB0}.Debug|Any CPU.ActiveCfg = Debug|Any CPU
		{9F8F8F67-ABE8-4D59-A921-A72855D24FB0}.Debug|Any CPU.Build.0 = Debug|Any CPU
		{9F8F8F67-ABE8-4D59-A921-A72855D24FB0}.Release|Any CPU.ActiveCfg = Release|Any CPU
		{9F8F8F67-ABE8-4D59-A921-A72855D24FB0}.Release|Any CPU.Build.0 = Release|Any CPU
		{3C8CDB2B-C4EF-4B40-928B-2DE97436D5CE}.Debug|Any CPU.ActiveCfg = Debug|Any CPU
		{3C8CDB2B-C4EF-4B40-928B-2DE97436D5CE}.Debug|Any CPU.Build.0 = Debug|Any CPU
		{3C8CDB2B-C4EF-4B40-928B-2DE97436D5CE}.Release|Any CPU.ActiveCfg = Release|Any CPU
		{3C8CDB2B-C4EF-4B40-928B-2DE97436D5CE}.Release|Any CPU.Build.0 = Release|Any CPU
		{1AC5A18A-8003-4245-BBC3-39BC9F9AF3A2}.Debug|Any CPU.ActiveCfg = Debug|Any CPU
		{1AC5A18A-8003-4245-BBC3-39BC9F9AF3A2}.Debug|Any CPU.Build.0 = Debug|Any CPU
		{1AC5A18A-8003-4245-BBC3-39BC9F9AF3A2}.Release|Any CPU.ActiveCfg = Release|Any CPU
		{1AC5A18A-8003-4245-BBC3-39BC9F9AF3A2}.Release|Any CPU.Build.0 = Release|Any CPU
		{E2A09615-F534-47C8-93F0-E0EC7E82315E}.Debug|Any CPU.ActiveCfg = Debug|Any CPU
		{E2A09615-F534-47C8-93F0-E0EC7E82315E}.Debug|Any CPU.Build.0 = Debug|Any CPU
		{E2A09615-F534-47C8-93F0-E0EC7E82315E}.Release|Any CPU.ActiveCfg = Release|Any CPU
		{E2A09615-F534-47C8-93F0-E0EC7E82315E}.Release|Any CPU.Build.0 = Release|Any CPU
	EndGlobalSection
	GlobalSection(SolutionProperties) = preSolution
		HideSolutionNode = FALSE
	EndGlobalSection
	GlobalSection(ExtensibilityGlobals) = postSolution
		SolutionGuid = {4CBB677D-E637-41B8-ABCE-C922694ED5E8}
	EndGlobalSection
EndGlobal
